
Microsoft Visual Studio Solution File, Format Version 12.00
# Visual Studio Version 17
VisualStudioVersion = 17.3.32929.385
MinimumVisualStudioVersion = 10.0.40219.1
Project("{FAE04EC0-301F-11D3-BF4B-00C04F79EFBC}") = "ExcelFileTools.Console", "ExcelFileEmbedder.Console\ExcelFileTools.Console.csproj", "{0DE0FBA8-A693-4329-B33B-CBC9D9D2A337}"
EndProject
Project("{FAE04EC0-301F-11D3-BF4B-00C04F79EFBC}") = "ExcelFileTools", "ExcelFileEmbedder\ExcelFileTools.csproj", "{0C74BD08-41BE-450B-A129-231F2134B31F}"
EndProject
Global
	GlobalSection(SolutionConfigurationPlatforms) = preSolution
		Debug|Any CPU = Debug|Any CPU
		Release|Any CPU = Release|Any CPU
	EndGlobalSection
	GlobalSection(ProjectConfigurationPlatforms) = postSolution
		{0DE0FBA8-A693-4329-B33B-CBC9D9D2A337}.Debug|Any CPU.ActiveCfg = Debug|Any CPU
		{0DE0FBA8-A693-4329-B33B-CBC9D9D2A337}.Debug|Any CPU.Build.0 = Debug|Any CPU
		{0DE0FBA8-A693-4329-B33B-CBC9D9D2A337}.Release|Any CPU.ActiveCfg = Release|Any CPU
		{0DE0FBA8-A693-4329-B33B-CBC9D9D2A337}.Release|Any CPU.Build.0 = Release|Any CPU
		{0C74BD08-41BE-450B-A129-231F2134B31F}.Debug|Any CPU.ActiveCfg = Debug|Any CPU
		{0C74BD08-41BE-450B-A129-231F2134B31F}.Debug|Any CPU.Build.0 = Debug|Any CPU
		{0C74BD08-41BE-450B-A129-231F2134B31F}.Release|Any CPU.ActiveCfg = Release|Any CPU
		{0C74BD08-41BE-450B-A129-231F2134B31F}.Release|Any CPU.Build.0 = Release|Any CPU
	EndGlobalSection
	GlobalSection(SolutionProperties) = preSolution
		HideSolutionNode = FALSE
	EndGlobalSection
	GlobalSection(ExtensibilityGlobals) = postSolution
		SolutionGuid = {559FEB06-8D01-4A15-A828-E74197C195D5}
	EndGlobalSection
EndGlobal
